
Microsoft Visual Studio Solution File, Format Version 12.00
# Visual Studio Version 16
VisualStudioVersion = 16.0.30309.148
MinimumVisualStudioVersion = 10.0.40219.1
Project("{FAE04EC0-301F-11D3-BF4B-00C04F79EFBC}") = "CovidMapApi", "CovidMapApi\CovidMapApi.csproj", "{D96A4709-E716-4149-948C-E3FAACEAAF27}"
EndProject
Global
	GlobalSection(SolutionConfigurationPlatforms) = preSolution
		Debug|Any CPU = Debug|Any CPU
		Release|Any CPU = Release|Any CPU
	EndGlobalSection
	GlobalSection(ProjectConfigurationPlatforms) = postSolution
		{D96A4709-E716-4149-948C-E3FAACEAAF27}.Debug|Any CPU.ActiveCfg = Debug|Any CPU
		{D96A4709-E716-4149-948C-E3FAACEAAF27}.Debug|Any CPU.Build.0 = Debug|Any CPU
		{D96A4709-E716-4149-948C-E3FAACEAAF27}.Release|Any CPU.ActiveCfg = Release|Any CPU
		{D96A4709-E716-4149-948C-E3FAACEAAF27}.Release|Any CPU.Build.0 = Release|Any CPU
	EndGlobalSection
	GlobalSection(SolutionProperties) = preSolution
		HideSolutionNode = FALSE
	EndGlobalSection
	GlobalSection(ExtensibilityGlobals) = postSolution
		SolutionGuid = {E9BD9D9C-6EA0-46A1-B935-46D5144167AE}
	EndGlobalSection
EndGlobal
